lockfileVersion: '9.0'

settings:
  autoInstallPeers: true
  excludeLinksFromLockfile: false

importers:

  .:
    dependencies:
      '@node-rs/argon2':
        specifier: ^2.0.2
        version: 2.0.2
      '@node-rs/jsonwebtoken':
        specifier: ^0.5.9
        version: 0.5.9
      '@prisma/client':
        specifier: 6.11.0
        version: 6.11.0(prisma@6.11.0(typescript@5.8.3))(typescript@5.8.3)
      express:
        specifier: ^5.1.0
        version: 5.1.0
      morgan:
        specifier: ^1.10.0
        version: 1.10.0
      zod:
        specifier: ^3.25.69
        version: 3.25.69
    devDependencies:
      '@types/express':
        specifier: ^5.0.3
        version: 5.0.3
      '@types/morgan':
        specifier: ^1.9.10
        version: 1.9.10
      '@types/node':
        specifier: ^24.0.10
        version: 24.0.10
      prisma:
        specifier: ^6.11.0
        version: 6.11.0(typescript@5.8.3)
      tsx:
        specifier: ^4.20.3
        version: 4.20.3
      typescript:
        specifier: ^5.8.3
        version: 5.8.3

packages:

  '@emnapi/core@1.4.3':
    resolution: {integrity: sha512-4m62DuCE07lw01soJwPiBGC0nAww0Q+RY70VZ+n49yDIO13yyinhbWCeNnaob0lakDtWQzSdtNWzJeOJt2ma+g==}

  '@emnapi/runtime@1.4.3':
    resolution: {integrity: sha512-pBPWdu6MLKROBX05wSNKcNb++m5Er+KQ9QkB+WVM+pW2Kx9hoSrVTnu3BdkI5eBLZoKu/J6mW/B6i6bJB2ytXQ==}

  '@emnapi/wasi-threads@1.0.2':
    resolution: {integrity: sha512-5n3nTJblwRi8LlXkJ9eBzu+kZR8Yxcc7ubakyQTFzPMtIhFpUBRbsnc2Dv88IZDIbCDlBiWrknhB4Lsz7mg6BA==}

  '@esbuild/aix-ppc64@0.25.5':
    resolution: {integrity: sha512-9o3TMmpmftaCMepOdA5k/yDw8SfInyzWWTjYTFCX3kPSDJMROQTb8jg+h9Cnwnmm1vOzvxN7gIfB5V2ewpjtGA==}
    engines: {node: '>=18'}
    cpu: [ppc64]
    os: [aix]

  '@esbuild/android-arm64@0.25.5':
    resolution: {integrity: sha512-VGzGhj4lJO+TVGV1v8ntCZWJktV7SGCs3Pn1GRWI1SBFtRALoomm8k5E9Pmwg3HOAal2VDc2F9+PM/rEY6oIDg==}
    engines: {node: '>=18'}
    cpu: [arm64]
    os: [android]

  '@esbuild/android-arm@0.25.5':
    resolution: {integrity: sha512-AdJKSPeEHgi7/ZhuIPtcQKr5RQdo6OO2IL87JkianiMYMPbCtot9fxPbrMiBADOWWm3T2si9stAiVsGbTQFkbA==}
    engines: {node: '>=18'}
    cpu: [arm]
    os: [android]

  '@esbuild/android-x64@0.25.5':
    resolution: {integrity: sha512-D2GyJT1kjvO//drbRT3Hib9XPwQeWd9vZoBJn+bu/lVsOZ13cqNdDeqIF/xQ5/VmWvMduP6AmXvylO/PIc2isw==}
    engines: {node: '>=18'}
    cpu: [x64]
    os: [android]

  '@esbuild/darwin-arm64@0.25.5':
    resolution: {integrity: sha512-GtaBgammVvdF7aPIgH2jxMDdivezgFu6iKpmT+48+F8Hhg5J/sfnDieg0aeG/jfSvkYQU2/pceFPDKlqZzwnfQ==}
    engines: {node: '>=18'}
    cpu: [arm64]
    os: [darwin]

  '@esbuild/darwin-x64@0.25.5':
    resolution: {integrity: sha512-1iT4FVL0dJ76/q1wd7XDsXrSW+oLoquptvh4CLR4kITDtqi2e/xwXwdCVH8hVHU43wgJdsq7Gxuzcs6Iq/7bxQ==}
    engines: {node: '>=18'}
    cpu: [x64]
    os: [darwin]

  '@esbuild/freebsd-arm64@0.25.5':
    resolution: {integrity: sha512-nk4tGP3JThz4La38Uy/gzyXtpkPW8zSAmoUhK9xKKXdBCzKODMc2adkB2+8om9BDYugz+uGV7sLmpTYzvmz6Sw==}
    engines: {node: '>=18'}
    cpu: [arm64]
    os: [freebsd]

  '@esbuild/freebsd-x64@0.25.5':
    resolution: {integrity: sha512-PrikaNjiXdR2laW6OIjlbeuCPrPaAl0IwPIaRv+SMV8CiM8i2LqVUHFC1+8eORgWyY7yhQY+2U2fA55mBzReaw==}
    engines: {node: '>=18'}
    cpu: [x64]
    os: [freebsd]

  '@esbuild/linux-arm64@0.25.5':
    resolution: {integrity: sha512-Z9kfb1v6ZlGbWj8EJk9T6czVEjjq2ntSYLY2cw6pAZl4oKtfgQuS4HOq41M/BcoLPzrUbNd+R4BXFyH//nHxVg==}
    engines: {node: '>=18'}
    cpu: [arm64]
    os: [linux]

  '@esbuild/linux-arm@0.25.5':
    resolution: {integrity: sha512-cPzojwW2okgh7ZlRpcBEtsX7WBuqbLrNXqLU89GxWbNt6uIg78ET82qifUy3W6OVww6ZWobWub5oqZOVtwolfw==}
    engines: {node: '>=18'}
    cpu: [arm]
    os: [linux]

  '@esbuild/linux-ia32@0.25.5':
    resolution: {integrity: sha512-sQ7l00M8bSv36GLV95BVAdhJ2QsIbCuCjh/uYrWiMQSUuV+LpXwIqhgJDcvMTj+VsQmqAHL2yYaasENvJ7CDKA==}
    engines: {node: '>=18'}
    cpu: [ia32]
    os: [linux]

  '@esbuild/linux-loong64@0.25.5':
    resolution: {integrity: sha512-0ur7ae16hDUC4OL5iEnDb0tZHDxYmuQyhKhsPBV8f99f6Z9KQM02g33f93rNH5A30agMS46u2HP6qTdEt6Q1kg==}
    engines: {node: '>=18'}
    cpu: [loong64]
    os: [linux]

  '@esbuild/linux-mips64el@0.25.5':
    resolution: {integrity: sha512-kB/66P1OsHO5zLz0i6X0RxlQ+3cu0mkxS3TKFvkb5lin6uwZ/ttOkP3Z8lfR9mJOBk14ZwZ9182SIIWFGNmqmg==}
    engines: {node: '>=18'}
    cpu: [mips64el]
    os: [linux]

  '@esbuild/linux-ppc64@0.25.5':
    resolution: {integrity: sha512-UZCmJ7r9X2fe2D6jBmkLBMQetXPXIsZjQJCjgwpVDz+YMcS6oFR27alkgGv3Oqkv07bxdvw7fyB71/olceJhkQ==}
    engines: {node: '>=18'}
    cpu: [ppc64]
    os: [linux]

  '@esbuild/linux-riscv64@0.25.5':
    resolution: {integrity: sha512-kTxwu4mLyeOlsVIFPfQo+fQJAV9mh24xL+y+Bm6ej067sYANjyEw1dNHmvoqxJUCMnkBdKpvOn0Ahql6+4VyeA==}
    engines: {node: '>=18'}
    cpu: [riscv64]
    os: [linux]

  '@esbuild/linux-s390x@0.25.5':
    resolution: {integrity: sha512-K2dSKTKfmdh78uJ3NcWFiqyRrimfdinS5ErLSn3vluHNeHVnBAFWC8a4X5N+7FgVE1EjXS1QDZbpqZBjfrqMTQ==}
    engines: {node: '>=18'}
    cpu: [s390x]
    os: [linux]

  '@esbuild/linux-x64@0.25.5':
    resolution: {integrity: sha512-uhj8N2obKTE6pSZ+aMUbqq+1nXxNjZIIjCjGLfsWvVpy7gKCOL6rsY1MhRh9zLtUtAI7vpgLMK6DxjO8Qm9lJw==}
    engines: {node: '>=18'}
    cpu: [x64]
    os: [linux]

  '@esbuild/netbsd-arm64@0.25.5':
    resolution: {integrity: sha512-pwHtMP9viAy1oHPvgxtOv+OkduK5ugofNTVDilIzBLpoWAM16r7b/mxBvfpuQDpRQFMfuVr5aLcn4yveGvBZvw==}
    engines: {node: '>=18'}
    cpu: [arm64]
    os: [netbsd]

  '@esbuild/netbsd-x64@0.25.5':
    resolution: {integrity: sha512-WOb5fKrvVTRMfWFNCroYWWklbnXH0Q5rZppjq0vQIdlsQKuw6mdSihwSo4RV/YdQ5UCKKvBy7/0ZZYLBZKIbwQ==}
    engines: {node: '>=18'}
    cpu: [x64]
    os: [netbsd]

  '@esbuild/openbsd-arm64@0.25.5':
    resolution: {integrity: sha512-7A208+uQKgTxHd0G0uqZO8UjK2R0DDb4fDmERtARjSHWxqMTye4Erz4zZafx7Di9Cv+lNHYuncAkiGFySoD+Mw==}
    engines: {node: '>=18'}
    cpu: [arm64]
    os: [openbsd]

  '@esbuild/openbsd-x64@0.25.5':
    resolution: {integrity: sha512-G4hE405ErTWraiZ8UiSoesH8DaCsMm0Cay4fsFWOOUcz8b8rC6uCvnagr+gnioEjWn0wC+o1/TAHt+It+MpIMg==}
    engines: {node: '>=18'}
    cpu: [x64]
    os: [openbsd]

  '@esbuild/sunos-x64@0.25.5':
    resolution: {integrity: sha512-l+azKShMy7FxzY0Rj4RCt5VD/q8mG/e+mDivgspo+yL8zW7qEwctQ6YqKX34DTEleFAvCIUviCFX1SDZRSyMQA==}
    engines: {node: '>=18'}
    cpu: [x64]
    os: [sunos]

  '@esbuild/win32-arm64@0.25.5':
    resolution: {integrity: sha512-O2S7SNZzdcFG7eFKgvwUEZ2VG9D/sn/eIiz8XRZ1Q/DO5a3s76Xv0mdBzVM5j5R639lXQmPmSo0iRpHqUUrsxw==}
    engines: {node: '>=18'}
    cpu: [arm64]
    os: [win32]

  '@esbuild/win32-ia32@0.25.5':
    resolution: {integrity: sha512-onOJ02pqs9h1iMJ1PQphR+VZv8qBMQ77Klcsqv9CNW2w6yLqoURLcgERAIurY6QE63bbLuqgP9ATqajFLK5AMQ==}
    engines: {node: '>=18'}
    cpu: [ia32]
    os: [win32]

  '@esbuild/win32-x64@0.25.5':
    resolution: {integrity: sha512-TXv6YnJ8ZMVdX+SXWVBo/0p8LTcrUYngpWjvm91TMjjBQii7Oz11Lw5lbDV5Y0TzuhSJHwiH4hEtC1I42mMS0g==}
    engines: {node: '>=18'}
    cpu: [x64]
    os: [win32]

  '@napi-rs/wasm-runtime@0.2.11':
    resolution: {integrity: sha512-9DPkXtvHydrcOsopiYpUgPHpmj0HWZKMUnL2dZqpvC42lsratuBG06V5ipyno0fUek5VlFsNQ+AcFATSrJXgMA==}

  '@node-rs/argon2-android-arm-eabi@2.0.2':
    resolution: {integrity: sha512-DV/H8p/jt40lrao5z5g6nM9dPNPGEHL+aK6Iy/og+dbL503Uj0AHLqj1Hk9aVUSCNnsDdUEKp4TVMi0YakDYKw==}
    engines: {node: '>= 10'}
    cpu: [arm]
    os: [android]

  '@node-rs/argon2-android-arm64@2.0.2':
    resolution: {integrity: sha512-1LKwskau+8O1ktKx7TbK7jx1oMOMt4YEXZOdSNIar1TQKxm6isZ0cRXgHLibPHEcNHgYRsJWDE9zvDGBB17QDg==}
    engines: {node: '>= 10'}
    cpu: [arm64]
    os: [android]

  '@node-rs/argon2-darwin-arm64@2.0.2':
    resolution: {integrity: sha512-3TTNL/7wbcpNju5YcqUrCgXnXUSbD7ogeAKatzBVHsbpjZQbNb1NDxDjqqrWoTt6XL3z9mJUMGwbAk7zQltHtA==}
    engines: {node: '>= 10'}
    cpu: [arm64]
    os: [darwin]

  '@node-rs/argon2-darwin-x64@2.0.2':
    resolution: {integrity: sha512-vNPfkLj5Ij5111UTiYuwgxMqE7DRbOS2y58O2DIySzSHbcnu+nipmRKg+P0doRq6eKIJStyBK8dQi5Ic8pFyDw==}
    engines: {node: '>= 10'}
    cpu: [x64]
    os: [darwin]

  '@node-rs/argon2-freebsd-x64@2.0.2':
    resolution: {integrity: sha512-M8vQZk01qojQfCqQU0/O1j1a4zPPrz93zc9fSINY7Q/6RhQRBCYwDw7ltDCZXg5JRGlSaeS8cUXWyhPGar3cGg==}
    engines: {node: '>= 10'}
    cpu: [x64]
    os: [freebsd]

  '@node-rs/argon2-linux-arm-gnueabihf@2.0.2':
    resolution: {integrity: sha512-7EmmEPHLzcu0G2GDh30L6G48CH38roFC2dqlQJmtRCxs6no3tTE/pvgBGatTp/o2n2oyOJcfmgndVFcUpwMnww==}
    engines: {node: '>= 10'}
    cpu: [arm]
    os: [linux]

  '@node-rs/argon2-linux-arm64-gnu@2.0.2':
    resolution: {integrity: sha512-6lsYh3Ftbk+HAIZ7wNuRF4SZDtxtFTfK+HYFAQQyW7Ig3LHqasqwfUKRXVSV5tJ+xTnxjqgKzvZSUJCAyIfHew==}
    engines: {node: '>= 10'}
    cpu: [arm64]
    os: [linux]

  '@node-rs/argon2-linux-arm64-musl@2.0.2':
    resolution: {integrity: sha512-p3YqVMNT/4DNR67tIHTYGbedYmXxW9QlFmF39SkXyEbGQwpgSf6pH457/fyXBIYznTU/smnG9EH+C1uzT5j4hA==}
    engines: {node: '>= 10'}
    cpu: [arm64]
    os: [linux]

  '@node-rs/argon2-linux-x64-gnu@2.0.2':
    resolution: {integrity: sha512-ZM3jrHuJ0dKOhvA80gKJqBpBRmTJTFSo2+xVZR+phQcbAKRlDMSZMFDiKbSTnctkfwNFtjgDdh5g1vaEV04AvA==}
    engines: {node: '>= 10'}
    cpu: [x64]
    os: [linux]

  '@node-rs/argon2-linux-x64-musl@2.0.2':
    resolution: {integrity: sha512-of5uPqk7oCRF/44a89YlWTEfjsftPywyTULwuFDKyD8QtVZoonrJR6ZWvfFE/6jBT68S0okAkAzzMEdBVWdxWw==}
    engines: {node: '>= 10'}
    cpu: [x64]
    os: [linux]

  '@node-rs/argon2-wasm32-wasi@2.0.2':
    resolution: {integrity: sha512-U3PzLYKSQYzTERstgtHLd4ZTkOF9co57zTXT77r0cVUsleGZOrd6ut7rHzeWwoJSiHOVxxa0OhG1JVQeB7lLoQ==}
    engines: {node: '>=14.0.0'}
    cpu: [wasm32]

  '@node-rs/argon2-win32-arm64-msvc@2.0.2':
    resolution: {integrity: sha512-Eisd7/NM0m23ijrGr6xI2iMocdOuyl6gO27gfMfya4C5BODbUSP7ljKJ7LrA0teqZMdYHesRDzx36Js++/vhiQ==}
    engines: {node: '>= 10'}
    cpu: [arm64]
    os: [win32]

  '@node-rs/argon2-win32-ia32-msvc@2.0.2':
    resolution: {integrity: sha512-GsE2ezwAYwh72f9gIjbGTZOf4HxEksb5M2eCaj+Y5rGYVwAdt7C12Q2e9H5LRYxWcFvLH4m4jiSZpQQ4upnPAQ==}
    engines: {node: '>= 10'}
    cpu: [ia32]
    os: [win32]

  '@node-rs/argon2-win32-x64-msvc@2.0.2':
    resolution: {integrity: sha512-cJxWXanH4Ew9CfuZ4IAEiafpOBCe97bzoKowHCGk5lG/7kR4WF/eknnBlHW9m8q7t10mKq75kruPLtbSDqgRTw==}
    engines: {node: '>= 10'}
    cpu: [x64]
    os: [win32]

  '@node-rs/argon2@2.0.2':
    resolution: {integrity: sha512-t64wIsPEtNd4aUPuTAyeL2ubxATCBGmeluaKXEMAFk/8w6AJIVVkeLKMBpgLW6LU2t5cQxT+env/c6jxbtTQBg==}
    engines: {node: '>= 10'}

  '@node-rs/jsonwebtoken-android-arm-eabi@0.5.9':
    resolution: {integrity: sha512-VXiC3xyDmW9ulJVAL45YR/uDuY3RYcMnIWp95R2+TE/my2U+lLa83u18aXu59slmdq8QTmy8jGAsfRN+FW+fpg==}
    engines: {node: '>= 10'}
    cpu: [arm]
    os: [android]

  '@node-rs/jsonwebtoken-android-arm64@0.5.9':
    resolution: {integrity: sha512-BvgC60UtxJPAkI1NuhjCa3iQ5SofWUoNVJhUZ86Ll0umZKYg6vz/MhOB0sm9dX8qymGAWiEQuKi5ZFYHT6ykKw==}
    engines: {node: '>= 10'}
    cpu: [arm64]
    os: [android]

  '@node-rs/jsonwebtoken-darwin-arm64@0.5.9':
    resolution: {integrity: sha512-0MynAIggpU6tWlfZpcjDeS4ztXlFFQiKwAcm+aYAKdAYTkBUQAVPp2J60rRzOadaA+Rd1GXzDyCd6L9eVj870A==}
    engines: {node: '>= 10'}
    cpu: [arm64]
    os: [darwin]

  '@node-rs/jsonwebtoken-darwin-x64@0.5.9':
    resolution: {integrity: sha512-r3IqAVA/WbRomUb2rDJupmLeZqrnLuGWtVmLrlX/yelDJDBmIFaCpwPceDjTTMb5Ap53p4jzStzwGIv+oDbyDA==}
    engines: {node: '>= 10'}
    cpu: [x64]
    os: [darwin]

  '@node-rs/jsonwebtoken-freebsd-x64@0.5.9':
    resolution: {integrity: sha512-b2SF4PR7FJT3Vxjb81bfy2/ZPpL1rlxoapMtD+9gRiUpoC2SGgFpknpB0vxNrIqQ/iTvp6l6wwd8/8TaCc5g4w==}
    engines: {node: '>= 10'}
    cpu: [x64]
    os: [freebsd]

  '@node-rs/jsonwebtoken-linux-arm-gnueabihf@0.5.9':
    resolution: {integrity: sha512-9oTgwB56o+KOUI+pSzaEAuBNf7MSwR46ObKKs0T5ip2o2dsG7hxj8uoD4VUPGmFF9bBw2cQChbWrJ/gT8tEYsA==}
    engines: {node: '>= 10'}
    cpu: [arm]
    os: [linux]

  '@node-rs/jsonwebtoken-linux-arm64-gnu@0.5.9':
    resolution: {integrity: sha512-klsrWziZOES69q8vbiDupRar8JRxOeOwqJ1G3VMJWBLCildc2bg7mxEWv59MztCTGT3RILXlKYC6KgD3EHKYlg==}
    engines: {node: '>= 10'}
    cpu: [arm64]
    os: [linux]

  '@node-rs/jsonwebtoken-linux-arm64-musl@0.5.9':
    resolution: {integrity: sha512-ZP+MRIhwIFHKbq8LZxYA8y/lOe9uC/d5gLr1kd0F3uQGcJDQzx3C/x+AlG5YTkpBlWX9y9Du9ILxHT+4WsqB2g==}
    engines: {node: '>= 10'}
    cpu: [arm64]
    os: [linux]

  '@node-rs/jsonwebtoken-linux-x64-gnu@0.5.9':
    resolution: {integrity: sha512-yzom5oTjyqhJIq9LZpSvIuig2+AN+2TVE5ym7cwun+gg+EfSniLxXYInMy3VNMyYgpZejFIGdsbygTcsvLqb+g==}
    engines: {node: '>= 10'}
    cpu: [x64]
    os: [linux]

  '@node-rs/jsonwebtoken-linux-x64-musl@0.5.9':
    resolution: {integrity: sha512-y78kFpvsTZrCb+GVrtXxa5z9COrJoHxOlAiytB343xcuwXEyDwgPCzzt7K9dINbOIxPDRpNsHT19UfJsKKYGDQ==}
    engines: {node: '>= 10'}
    cpu: [x64]
    os: [linux]

  '@node-rs/jsonwebtoken-wasm32-wasi@0.5.9':
    resolution: {integrity: sha512-2if46hVi8+K1Or2iZljNeIjS0S5zbZN2mvne+5OYZBlam79bupgjgJmK/wkYD2eM2w1ozcVGyUgPHN1aBpcNSA==}
    engines: {node: '>=14.0.0'}
    cpu: [wasm32]

  '@node-rs/jsonwebtoken-win32-arm64-msvc@0.5.9':
    resolution: {integrity: sha512-dU8eqZaUqjJVBuv05a83l0RCB7oiQJAHzlk8faE4+/ZAhJaLj0HJJDZwjPWfPGeJPAb8AAtgJVlcMOnCUnyWBA==}
    engines: {node: '>= 10'}
    cpu: [arm64]
    os: [win32]

  '@node-rs/jsonwebtoken-win32-ia32-msvc@0.5.9':
    resolution: {integrity: sha512-3t4bfiIqn7JwcQCZdHWbertnuRyuYlakUPkrmo0j96mpNqn6gs0BiQ2UEia6b+DL6PIpOyC7VJ4p7+Q7V3O3Cw==}
    engines: {node: '>= 10'}
    cpu: [ia32]
    os: [win32]

  '@node-rs/jsonwebtoken-win32-x64-msvc@0.5.9':
    resolution: {integrity: sha512-9FSiXjJcluUrxv+mRplnYx1ZjdA4smSjqwsF6TjRsFX1du8g8TIgMxGpRollAk7ZkQcwc3/zlFqq/i7N3ZSpPQ==}
    engines: {node: '>= 10'}
    cpu: [x64]
    os: [win32]

  '@node-rs/jsonwebtoken@0.5.9':
    resolution: {integrity: sha512-c1mFw/Xi9Bqs6yNkQgHr+jkIQdkk03+McAmr2vqQdUW1pCfbzI4w7pUd5BSbHxK2Z33sgiGu/ODQsWl/l17Hng==}
    engines: {node: '>= 10'}

  '@prisma/client@6.11.0':
    resolution: {integrity: sha512-K9TkKepOYvCOg3qCuKz7ZHf6rf58BFKi08plKjU4qVv9y7/UxO6tLz7PlWcgODUZKURLPmRHjHERffIx/8az4w==}
    engines: {node: '>=18.18'}
    peerDependencies:
      prisma: '*'
      typescript: '>=5.1.0'
    peerDependenciesMeta:
      prisma:
        optional: true
      typescript:
        optional: true

  '@prisma/config@6.11.0':
    resolution: {integrity: sha512-icBfutMpdrwSf2ggo012zhQ4oianijXL/UPbv4PNVK3WUWbB3/F5Ltq8ZfElGrtwKC6XuFFPxU5qDC9x7vh8zQ==}

  '@prisma/debug@6.11.0':
    resolution: {integrity: sha512-zo4oEZMWMt0BFWl+4NK9FUpaEOmjGR3y2/r0lkW/DK4BUBRgMj90s8QqK2K+vXG3xn0nAGg2kOSu+Swn60CFLg==}

  '@prisma/engines-version@6.11.0-18.9c30299f5a0ea26a96790e13f796dc6094db3173':
    resolution: {integrity: sha512-M3vbyDICFIA1oJl0cFkM0omD4HsJZjFi0hu0f0UxyPABH8KEcZyUd5BToCrNl4B8lUeQn+L5+gfaQleOKp6Lrg==}

  '@prisma/engines@6.11.0':
    resolution: {integrity: sha512-uqnYxvPKZPvYZA7F0q4gTR+fVWUJSY5bif7JAKBIOD5SoRRy0qEIaPy4Nna5WDLQaFGshaY/Bh8dLOQMfxhJJw==}

  '@prisma/fetch-engine@6.11.0':
    resolution: {integrity: sha512-ZHHSP7vJFo5hePH+MNovxhqXabIg38ZpCwQfUBON29kwPX3f1pjYnzGpgJLCJy4k7mKGOzTgrXPqH8+nJvq2fw==}

  '@prisma/get-platform@6.11.0':
    resolution: {integrity: sha512-yspBGvOfJQwuoApk5B4aBlHDy6YDXAOe4Ml8U2eZ+M2b7fDd10YDomS3Q4qrYHUUVYF3TJyN86NcnRMOvCMUrA==}

  '@tybys/wasm-util@0.9.0':
    resolution: {integrity: sha512-6+7nlbMVX/PVDCwaIQ8nTOPveOcFLSt8GcXdx8hD0bt39uWxYT88uXzqTd4fTvqta7oeUJqudepapKNt2DYJFw==}

  '@types/body-parser@1.19.6':
    resolution: {integrity: sha512-HLFeCYgz89uk22N5Qg3dvGvsv46B8GLvKKo1zKG4NybA8U2DiEO3w9lqGg29t/tfLRJpJ6iQxnVw4OnB7MoM9g==}

  '@types/connect@3.4.38':
    resolution: {integrity: sha512-K6uROf1LD88uDQqJCktA4yzL1YYAK6NgfsI0v/mTgyPKWsX1CnJ0XPSDhViejru1GcRkLWb8RlzFYJRqGUbaug==}

  '@types/express-serve-static-core@5.0.6':
    resolution: {integrity: sha512-3xhRnjJPkULekpSzgtoNYYcTWgEZkp4myc+Saevii5JPnHNvHMRlBSHDbs7Bh1iPPoVTERHEZXyhyLbMEsExsA==}

  '@types/express@5.0.3':
    resolution: {integrity: sha512-wGA0NX93b19/dZC1J18tKWVIYWyyF2ZjT9vin/NRu0qzzvfVzWjs04iq2rQ3H65vCTQYlRqs3YHfY7zjdV+9Kw==}

  '@types/http-errors@2.0.5':
    resolution: {integrity: sha512-r8Tayk8HJnX0FztbZN7oVqGccWgw98T/0neJphO91KkmOzug1KkofZURD4UaD5uH8AqcFLfdPErnBod0u71/qg==}

  '@types/mime@1.3.5':
    resolution: {integrity: sha512-/pyBZWSLD2n0dcHE3hq8s8ZvcETHtEuF+3E7XVt0Ig2nvsVQXdghHVcEkIWjy9A0wKfTn97a/PSDYohKIlnP/w==}

  '@types/morgan@1.9.10':
    resolution: {integrity: sha512-sS4A1zheMvsADRVfT0lYbJ4S9lmsey8Zo2F7cnbYjWHP67Q0AwMYuuzLlkIM2N8gAbb9cubhIVFwcIN2XyYCkA==}

  '@types/node@24.0.10':
    resolution: {integrity: sha512-ENHwaH+JIRTDIEEbDK6QSQntAYGtbvdDXnMXnZaZ6k13Du1dPMmprkEHIL7ok2Wl2aZevetwTAb5S+7yIF+enA==}

  '@types/qs@6.14.0':
    resolution: {integrity: sha512-eOunJqu0K1923aExK6y8p6fsihYEn/BYuQ4g0CxAAgFc4b/ZLN4CrsRZ55srTdqoiLzU2B2evC+apEIxprEzkQ==}

  '@types/range-parser@1.2.7':
    resolution: {integrity: sha512-hKormJbkJqzQGhziax5PItDUTMAM9uE2XXQmM37dyd4hVM+5aVl7oVxMVUiVQn2oCQFN/LKCZdvSM0pFRqbSmQ==}

  '@types/send@0.17.5':
    resolution: {integrity: sha512-z6F2D3cOStZvuk2SaP6YrwkNO65iTZcwA2ZkSABegdkAh/lf+Aa/YQndZVfmEXT5vgAp6zv06VQ3ejSVjAny4w==}

  '@types/serve-static@1.15.8':
    resolution: {integrity: sha512-roei0UY3LhpOJvjbIP6ZZFngyLKl5dskOtDhxY5THRSpO+ZI+nzJ+m5yUMzGrp89YRa7lvknKkMYjqQFGwA7Sg==}

  accepts@2.0.0:
    resolution: {integrity: sha512-5cvg6CtKwfgdmVqY1WIiXKc3Q1bkRqGLi+2W/6ao+6Y7gu/RCwRuAhGEzh5B4KlszSuTLgZYuqFqo5bImjNKng==}
    engines: {node: '>= 0.6'}

  basic-auth@2.0.1:
    resolution: {integrity: sha512-NF+epuEdnUYVlGuhaxbbq+dvJttwLnGY+YixlXlME5KpQ5W3CnXA5cVTneY3SPbPDRkcjMbifrwmFYcClgOZeg==}
    engines: {node: '>= 0.8'}

  body-parser@2.2.0:
    resolution: {integrity: sha512-02qvAaxv8tp7fBa/mw1ga98OGm+eCbqzJOKoRt70sLmfEEi+jyBYVTDGfCL/k06/4EMk/z01gCe7HoCH/f2LTg==}
    engines: {node: '>=18'}

  bytes@3.1.2:
    resolution: {integrity: sha512-/Nf7TyzTx6S3yRJObOAV7956r8cr2+Oj8AC5dt8wSP3BQAoeX58NoHyCU8P8zGkNXStjTSi6fzO6F0pBdcYbEg==}
    engines: {node: '>= 0.8'}

  call-bind-apply-helpers@1.0.2:
    resolution: {integrity: sha512-Sp1ablJ0ivDkSzjcaJdxEunN5/XvksFJ2sMBFfq6x0ryhQV/2b/KwFe21cMpmHtPOSij8K99/wSfoEuTObmuMQ==}
    engines: {node: '>= 0.4'}

  call-bound@1.0.4:
    resolution: {integrity: sha512-+ys997U96po4Kx/ABpBCqhA9EuxJaQWDQg7295H4hBphv3IZg0boBKuwYpt4YXp6MZ5AmZQnU/tyMTlRpaSejg==}
    engines: {node: '>= 0.4'}

  content-disposition@1.0.0:
    resolution: {integrity: sha512-Au9nRL8VNUut/XSzbQA38+M78dzP4D+eqg3gfJHMIHHYa3bg067xj1KxMUWj+VULbiZMowKngFFbKczUrNJ1mg==}
    engines: {node: '>= 0.6'}

  content-type@1.0.5:
    resolution: {integrity: sha512-nTjqfcBFEipKdXCv4YDQWCfmcLZKm81ldF0pAopTvyrFGVbcR6P/VAAd5G7N+0tTr8QqiU0tFadD6FK4NtJwOA==}
    engines: {node: '>= 0.6'}

  cookie-signature@1.2.2:
    resolution: {integrity: sha512-D76uU73ulSXrD1UXF4KE2TMxVVwhsnCgfAyTg9k8P6KGZjlXKrOLe4dJQKI3Bxi5wjesZoFXJWElNWBjPZMbhg==}
    engines: {node: '>=6.6.0'}

  cookie@0.7.2:
    resolution: {integrity: sha512-yki5XnKuf750l50uGTllt6kKILY4nQ1eNIQatoXEByZ5dWgnKqbnqmTrBE5B4N7lrMJKQ2ytWMiTO2o0v6Ew/w==}
    engines: {node: '>= 0.6'}

  debug@2.6.9:
    resolution: {integrity: sha512-bC7ElrdJaJnPbAP+1EotYvqZsb3ecl5wi6Bfi6BJTUcNowp6cvspg0jXznRTKDjm/E7AdgFBVeAPVMNcKGsHMA==}
    peerDependencies:
      supports-color: '*'
    peerDependenciesMeta:
      supports-color:
        optional: true

  debug@4.4.1:
    resolution: {integrity: sha512-KcKCqiftBJcZr++7ykoDIEwSa3XWowTfNPo92BYxjXiyYEVrUQh2aLyhxBCwww+heortUFxEJYcRzosstTEBYQ==}
    engines: {node: '>=6.0'}
    peerDependencies:
      supports-color: '*'
    peerDependenciesMeta:
      supports-color:
        optional: true

  depd@2.0.0:
    resolution: {integrity: sha512-g7nH6P6dyDioJogAAGprGpCtVImJhpPk/roCzdb3fIh61/s/nPsfR6onyMwkCAR/OlC3yBC0lESvUoQEAssIrw==}
    engines: {node: '>= 0.8'}

  dunder-proto@1.0.1:
    resolution: {integrity: sha512-KIN/nDJBQRcXw0MLVhZE9iQHmG68qAVIBg9CqmUYjmQIhgij9U5MFvrqkUL5FbtyyzZuOeOt0zdeRe4UY7ct+A==}
    engines: {node: '>= 0.4'}

  ee-first@1.1.1:
    resolution: {integrity: sha512-WMwm9LhRUo+WUaRN+vRuETqG89IgZphVSNkdFgeb6sS/E4OrDIN7t48CAewSHXc6C8lefD8KKfr5vY61brQlow==}

  encodeurl@2.0.0:
    resolution: {integrity: sha512-Q0n9HRi4m6JuGIV1eFlmvJB7ZEVxu93IrMyiMsGC0lrMJMWzRgx6WGquyfQgZVb31vhGgXnfmPNNXmxnOkRBrg==}
    engines: {node: '>= 0.8'}

  es-define-property@1.0.1:
    resolution: {integrity: sha512-e3nRfgfUZ4rNGL232gUgX06QNyyez04KdjFrF+LTRoOXmrOgFKDg4BCdsjW8EnT69eqdYGmRpJwiPVYNrCaW3g==}
    engines: {node: '>= 0.4'}

  es-errors@1.3.0:
    resolution: {integrity: sha512-Zf5H2Kxt2xjTvbJvP2ZWLEICxA6j+hAmMzIlypy4xcBg1vKVnx89Wy0GbS+kf5cwCVFFzdCFh2XSCFNULS6csw==}
    engines: {node: '>= 0.4'}

  es-object-atoms@1.1.1:
    resolution: {integrity: sha512-FGgH2h8zKNim9ljj7dankFPcICIK9Cp5bm+c2gQSYePhpaG5+esrLODihIorn+Pe6FGJzWhXQotPv73jTaldXA==}
    engines: {node: '>= 0.4'}

  esbuild@0.25.5:
    resolution: {integrity: sha512-P8OtKZRv/5J5hhz0cUAdu/cLuPIKXpQl1R9pZtvmHWQvrAUVd0UNIPT4IB4W3rNOqVO0rlqHmCIbSwxh/c9yUQ==}
    engines: {node: '>=18'}
    hasBin: true

  escape-html@1.0.3:
    resolution: {integrity: sha512-NiSupZ4OeuGwr68lGIeym/ksIZMJodUGOSCZ/FSnTxcrekbvqrgdUxlJOMpijaKZVjAJrWrGs/6Jy8OMuyj9ow==}

  etag@1.8.1:
    resolution: {integrity: sha512-aIL5Fx7mawVa300al2BnEE4iNvo1qETxLrPI/o05L7z6go7fCw1J6EQmbK4FmJ2AS7kgVF/KEZWufBfdClMcPg==}
    engines: {node: '>= 0.6'}

  express@5.1.0:
    resolution: {integrity: sha512-DT9ck5YIRU+8GYzzU5kT3eHGA5iL+1Zd0EutOmTE9Dtk+Tvuzd23VBU+ec7HPNSTxXYO55gPV/hq4pSBJDjFpA==}
    engines: {node: '>= 18'}

  finalhandler@2.1.0:
    resolution: {integrity: sha512-/t88Ty3d5JWQbWYgaOGCCYfXRwV1+be02WqYYlL6h0lEiUAMPM8o8qKGO01YIkOHzka2up08wvgYD0mDiI+q3Q==}
    engines: {node: '>= 0.8'}

  forwarded@0.2.0:
    resolution: {integrity: sha512-buRG0fpBtRHSTCOASe6hD258tEubFoRLb4ZNA6NxMVHNw2gOcwHo9wyablzMzOA5z9xA9L1KNjk/Nt6MT9aYow==}
    engines: {node: '>= 0.6'}

  fresh@2.0.0:
    resolution: {integrity: sha512-Rx/WycZ60HOaqLKAi6cHRKKI7zxWbJ31MhntmtwMoaTeF7XFH9hhBp8vITaMidfljRQ6eYWCKkaTK+ykVJHP2A==}
    engines: {node: '>= 0.8'}

  fsevents@2.3.3:
    resolution: {integrity: sha512-5xoDfX+fL7faATnagmWPpbFtwh/R77WmMMqqHGS65C3vvB0YHrgF+B1YmZ3441tMj5n63k0212XNoJwzlhffQw==}
    engines: {node: ^8.16.0 || ^10.6.0 || >=11.0.0}
    os: [darwin]

  function-bind@1.1.2:
    resolution: {integrity: sha512-7XHNxH7qX9xG5mIwxkhumTox/MIRNcOgDrxWsMt2pAr23WHp6MrRlN7FBSFpCpr+oVO0F744iUgR82nJMfG2SA==}

  get-intrinsic@1.3.0:
    resolution: {integrity: sha512-9fSjSaos/fRIVIp+xSJlE6lfwhES7LNtKaCBIamHsjr2na1BiABJPo0mOjjz8GJDURarmCPGqaiVg5mfjb98CQ==}
    engines: {node: '>= 0.4'}

  get-proto@1.0.1:
    resolution: {integrity: sha512-sTSfBjoXBp89JvIKIefqw7U2CCebsc74kiY6awiGogKtoSGbgjYE/G/+l9sF3MWFPNc9IcoOC4ODfKHfxFmp0g==}
    engines: {node: '>= 0.4'}

  get-tsconfig@4.10.1:
    resolution: {integrity: sha512-auHyJ4AgMz7vgS8Hp3N6HXSmlMdUyhSUrfBF16w153rxtLIEOE+HGqaBppczZvnHLqQJfiHotCYpNhl0lUROFQ==}

  gopd@1.2.0:
    resolution: {integrity: sha512-ZUKRh6/kUFoAiTAtTYPZJ3hw9wNxx+BIBOijnlG9PnrJsCcSjs1wyyD6vJpaYtgnzDrKYRSqf3OO6Rfa93xsRg==}
    engines: {node: '>= 0.4'}

  has-symbols@1.1.0:
    resolution: {integrity: sha512-1cDNdwJ2Jaohmb3sg4OmKaMBwuC48sYni5HUw2DvsC8LjGTLK9h+eb1X6RyuOHe4hT0ULCW68iomhjUoKUqlPQ==}
    engines: {node: '>= 0.4'}

  hasown@2.0.2:
    resolution: {integrity: sha512-0hJU9SCPvmMzIBdZFqNPXWa6dqh7WdH0cII9y+CyS8rG3nL48Bclra9HmKhVVUHyPWNH5Y7xDwAB7bfgSjkUMQ==}
    engines: {node: '>= 0.4'}

  http-errors@2.0.0:
    resolution: {integrity: sha512-FtwrG/euBzaEjYeRqOgly7G0qviiXoJWnvEH2Z1plBdXgbyjv34pHTSb9zoeHMyDy33+DWy5Wt9Wo+TURtOYSQ==}
    engines: {node: '>= 0.8'}

  iconv-lite@0.6.3:
    resolution: {integrity: sha512-4fCk79wshMdzMp2rH06qWrJE4iolqLhCUH+OiuIgU++RB0+94NlDL81atO7GX55uUKueo0txHNtvEyI6D7WdMw==}
    engines: {node: '>=0.10.0'}

  inherits@2.0.4:
    resolution: {integrity: sha512-k/vGaX4/Yla3WzyMCvTQOXYeIHvqOKtnqBduzTHpzpQZzAskKMhZ2K+EnBiSM9zGSoIFeMpXKxa4dYeZIQqewQ==}

  ipaddr.js@1.9.1:
    resolution: {integrity: sha512-0KI/607xoxSToH7GjN1FfSbLoU0+btTicjsQSWQlh/hZykN8KpmMf7uYwPW3R+akZ6R/w18ZlXSHBYXiYUPO3g==}
    engines: {node: '>= 0.10'}

  is-promise@4.0.0:
    resolution: {integrity: sha512-hvpoI6korhJMnej285dSg6nu1+e6uxs7zG3BYAm5byqDsgJNWwxzM6z6iZiAgQR4TJ30JmBTOwqZUw3WlyH3AQ==}

  jiti@2.4.2:
    resolution: {integrity: sha512-rg9zJN+G4n2nfJl5MW3BMygZX56zKPNVEYYqq7adpmMh4Jn2QNEwhvQlFy6jPVdcod7txZtKHWnyZiA3a0zP7A==}
    hasBin: true

  math-intrinsics@1.1.0:
    resolution: {integrity: sha512-/IXtbwEk5HTPyEwyKX6hGkYXxM9nbj64B+ilVJnC/R6B0pH5G4V3b0pVbL7DBj4tkhBAppbQUlf6F6Xl9LHu1g==}
    engines: {node: '>= 0.4'}

  media-typer@1.1.0:
    resolution: {integrity: sha512-aisnrDP4GNe06UcKFnV5bfMNPBUw4jsLGaWwWfnH3v02GnBuXX2MCVn5RbrWo0j3pczUilYblq7fQ7Nw2t5XKw==}
    engines: {node: '>= 0.8'}

  merge-descriptors@2.0.0:
    resolution: {integrity: sha512-Snk314V5ayFLhp3fkUREub6WtjBfPdCPY1Ln8/8munuLuiYhsABgBVWsozAG+MWMbVEvcdcpbi9R7ww22l9Q3g==}
    engines: {node: '>=18'}

  mime-db@1.54.0:
    resolution: {integrity: sha512-aU5EJuIN2WDemCcAp2vFBfp/m4EAhWJnUNSSw0ixs7/kXbd6Pg64EmwJkNdFhB8aWt1sH2CTXrLxo/iAGV3oPQ==}
    engines: {node: '>= 0.6'}

  mime-types@3.0.1:
    resolution: {integrity: sha512-xRc4oEhT6eaBpU1XF7AjpOFD+xQmXNB5OVKwp4tqCuBpHLS/ZbBDrc07mYTDqVMg6PfxUjjNp85O6Cd2Z/5HWA==}
    engines: {node: '>= 0.6'}

  morgan@1.10.0:
    resolution: {integrity: sha512-AbegBVI4sh6El+1gNwvD5YIck7nSA36weD7xvIxG4in80j/UoK8AEGaWnnz8v1GxonMCltmlNs5ZKbGvl9b1XQ==}
    engines: {node: '>= 0.8.0'}

  ms@2.0.0:
    resolution: {integrity: sha512-Tpp60P6IUJDTuOq/5Z8cdskzJujfwqfOTkrwIwj7IRISpnkJnT6SyJ4PCPnGMoFjC9ddhal5KVIYtAt97ix05A==}

  ms@2.1.3:
    resolution: {integrity: sha512-6FlzubTLZG3J2a/NVCAleEhjzq5oxgHyaCU9yYXvcLsvoVaHJq/s5xXI6/XXP6tz7R9xAOtHnSO/tXtF3WRTlA==}

  negotiator@1.0.0:
    resolution: {integrity: sha512-8Ofs/AUQh8MaEcrlq5xOX0CQ9ypTF5dl78mjlMNfOK08fzpgTHQRQPBxcPlEtIw0yRpws+Zo/3r+5WRby7u3Gg==}
    engines: {node: '>= 0.6'}

  object-inspect@1.13.4:
    resolution: {integrity: sha512-W67iLl4J2EXEGTbfeHCffrjDfitvLANg0UlX3wFUUSTx92KXRFegMHUVgSqE+wvhAbi4WqjGg9czysTV2Epbew==}
    engines: {node: '>= 0.4'}

  on-finished@2.3.0:
    resolution: {integrity: sha512-ikqdkGAAyf/X/gPhXGvfgAytDZtDbr+bkNUJ0N9h5MI/dmdgCs3l6hoHrcUv41sRKew3jIwrp4qQDXiK99Utww==}
    engines: {node: '>= 0.8'}

  on-finished@2.4.1:
    resolution: {integrity: sha512-oVlzkg3ENAhCk2zdv7IJwd/QUD4z2RxRwpkcGY8psCVcCYZNq4wYnVWALHM+brtuJjePWiYF/ClmuDr8Ch5+kg==}
    engines: {node: '>= 0.8'}

  on-headers@1.0.2:
    resolution: {integrity: sha512-pZAE+FJLoyITytdqK0U5s+FIpjN0JP3OzFi/u8Rx+EV5/W+JTWGXG8xFzevE7AjBfDqHv/8vL8qQsIhHnqRkrA==}
    engines: {node: '>= 0.8'}

  once@1.4.0:
    resolution: {integrity: sha512-lNaJgI+2Q5URQBkccEKHTQOPaXdUxnZZElQTZY0MFUAuaEqe1E+Nyvgdz/aIyNi6Z9MzO5dv1H8n58/GELp3+w==}

  parseurl@1.3.3:
    resolution: {integrity: sha512-CiyeOxFT/JZyN5m0z9PfXw4SCBJ6Sygz1Dpl0wqjlhDEGGBP1GnsUVEL0p63hoG1fcj3fHynXi9NYO4nWOL+qQ==}
    engines: {node: '>= 0.8'}

  path-to-regexp@8.2.0:
    resolution: {integrity: sha512-TdrF7fW9Rphjq4RjrW0Kp2AW0Ahwu9sRGTkS6bvDi0SCwZlEZYmcfDbEsTz8RVk0EHIS/Vd1bv3JhG+1xZuAyQ==}
    engines: {node: '>=16'}

  prisma@6.11.0:
    resolution: {integrity: sha512-gI69E7fusgk32XALpXzdgR10xUx2aFnHiu/JaUo4O07G4JvFT0xNtD0Iy81p37iBLTYFEhWa9VrHKXaiyZ5fLQ==}
    engines: {node: '>=18.18'}
    hasBin: true
    peerDependencies:
      typescript: '>=5.1.0'
    peerDependenciesMeta:
      typescript:
        optional: true

  proxy-addr@2.0.7:
    resolution: {integrity: sha512-llQsMLSUDUPT44jdrU/O37qlnifitDP+ZwrmmZcoSKyLKvtZxpyV0n2/bD/N4tBAAZ/gJEdZU7KMraoK1+XYAg==}
    engines: {node: '>= 0.10'}

  qs@6.14.0:
    resolution: {integrity: sha512-YWWTjgABSKcvs/nWBi9PycY/JiPJqOD4JA6o9Sej2AtvSGarXxKC3OQSk4pAarbdQlKAh5D4FCQkJNkW+GAn3w==}
    engines: {node: '>=0.6'}

  range-parser@1.2.1:
    resolution: {integrity: sha512-Hrgsx+orqoygnmhFbKaHE6c296J+HTAQXoxEF6gNupROmmGJRoyzfG3ccAveqCBrwr/2yxQ5BVd/GTl5agOwSg==}
    engines: {node: '>= 0.6'}

  raw-body@3.0.0:
    resolution: {integrity: sha512-RmkhL8CAyCRPXCE28MMH0z2PNWQBNk2Q09ZdxM9IOOXwxwZbN+qbWaatPkdkWIKL2ZVDImrN/pK5HTRz2PcS4g==}
    engines: {node: '>= 0.8'}

  resolve-pkg-maps@1.0.0:
    resolution: {integrity: sha512-seS2Tj26TBVOC2NIc2rOe2y2ZO7efxITtLZcGSOnHHNOQ7CkiUBfw0Iw2ck6xkIhPwLhKNLS8BO+hEpngQlqzw==}

  router@2.2.0:
    resolution: {integrity: sha512-nLTrUKm2UyiL7rlhapu/Zl45FwNgkZGaCpZbIHajDYgwlJCOzLSk+cIPAnsEqV955GjILJnKbdQC1nVPz+gAYQ==}
    engines: {node: '>= 18'}

  safe-buffer@5.1.2:
    resolution: {integrity: sha512-Gd2UZBJDkXlY7GbJxfsE8/nvKkUEU1G38c1siN6QP6a9PT9MmHB8GnpscSmMJSoF8LOIrt8ud/wPtojys4G6+g==}

  safe-buffer@5.2.1:
    resolution: {integrity: sha512-rp3So07KcdmmKbGvgaNxQSJr7bGVSVk5S9Eq1F+ppbRo70+YeaDxkw5Dd8NPN+GD6bjnYm2VuPuCXmpuYvmCXQ==}

  safer-buffer@2.1.2:
    resolution: {integrity: sha512-YZo3K82SD7Riyi0E1EQPojLz7kpepnSQI9IyPbHHg1XXXevb5dJI7tpyN2ADxGcQbHG7vcyRHk0cbwqcQriUtg==}

  send@1.2.0:
    resolution: {integrity: sha512-uaW0WwXKpL9blXE2o0bRhoL2EGXIrZxQ2ZQ4mgcfoBxdFmQold+qWsD2jLrfZ0trjKL6vOw0j//eAwcALFjKSw==}
    engines: {node: '>= 18'}

  serve-static@2.2.0:
    resolution: {integrity: sha512-61g9pCh0Vnh7IutZjtLGGpTA355+OPn2TyDv/6ivP2h/AdAVX9azsoxmg2/M6nZeQZNYBEwIcsne1mJd9oQItQ==}
    engines: {node: '>= 18'}

  setprototypeof@1.2.0:
    resolution: {integrity: sha512-E5LDX7Wrp85Kil5bhZv46j8jOeboKq5JMmYM3gVGdGH8xFpPWXUMsNrlODCrkoxMEeNi/XZIwuRvY4XNwYMJpw==}

  side-channel-list@1.0.0:
    resolution: {integrity: sha512-FCLHtRD/gnpCiCHEiJLOwdmFP+wzCmDEkc9y7NsYxeF4u7Btsn1ZuwgwJGxImImHicJArLP4R0yX4c2KCrMrTA==}
    engines: {node: '>= 0.4'}

  side-channel-map@1.0.1:
    resolution: {integrity: sha512-VCjCNfgMsby3tTdo02nbjtM/ewra6jPHmpThenkTYh8pG9ucZ/1P8So4u4FGBek/BjpOVsDCMoLA/iuBKIFXRA==}
    engines: {node: '>= 0.4'}

  side-channel-weakmap@1.0.2:
    resolution: {integrity: sha512-WPS/HvHQTYnHisLo9McqBHOJk2FkHO/tlpvldyrnem4aeQp4hai3gythswg6p01oSoTl58rcpiFAjF2br2Ak2A==}
    engines: {node: '>= 0.4'}

  side-channel@1.1.0:
    resolution: {integrity: sha512-ZX99e6tRweoUXqR+VBrslhda51Nh5MTQwou5tnUDgbtyM0dBgmhEDtWGP/xbKn6hqfPRHujUNwz5fy/wbbhnpw==}
    engines: {node: '>= 0.4'}

  statuses@2.0.1:
    resolution: {integrity: sha512-RwNA9Z/7PrK06rYLIzFMlaF+l73iwpzsqRIFgbMLbTcLD6cOao82TaWefPXQvB2fOC4AjuYSEndS7N/mTCbkdQ==}
    engines: {node: '>= 0.8'}

  statuses@2.0.2:
    resolution: {integrity: sha512-DvEy55V3DB7uknRo+4iOGT5fP1slR8wQohVdknigZPMpMstaKJQWhwiYBACJE3Ul2pTnATihhBYnRhZQHGBiRw==}
    engines: {node: '>= 0.8'}

  toidentifier@1.0.1:
    resolution: {integrity: sha512-o5sSPKEkg/DIQNmH43V0/uerLrpzVedkUh8tGNvaeXpfpuwjKenlSox/2O/BTlZUtEe+JG7s5YhEz608PlAHRA==}
    engines: {node: '>=0.6'}

  tslib@2.8.1:
    resolution: {integrity: sha512-oJFu94HQb+KVduSUQL7wnpmqnfmLsOA/nAh6b6EH0wCEoK0/mPeXU6c3wKDV83MkOuHPRHtSXKKU99IBazS/2w==}

  tsx@4.20.3:
    resolution: {integrity: sha512-qjbnuR9Tr+FJOMBqJCW5ehvIo/buZq7vH7qD7JziU98h6l3qGy0a/yPFjwO+y0/T7GFpNgNAvEcPPVfyT8rrPQ==}
    engines: {node: '>=18.0.0'}
    hasBin: true

  type-is@2.0.1:
    resolution: {integrity: sha512-OZs6gsjF4vMp32qrCbiVSkrFmXtG/AZhY3t0iAMrMBiAZyV9oALtXO8hsrHbMXF9x6L3grlFuwW2oAz7cav+Gw==}
    engines: {node: '>= 0.6'}

  typescript@5.8.3:
    resolution: {integrity: sha512-p1diW6TqL9L07nNxvRMM7hMMw4c5XOo/1ibL4aAIGmSAt9slTE1Xgw5KWuof2uTOvCg9BY7ZRi+GaF+7sfgPeQ==}
    engines: {node: '>=14.17'}
    hasBin: true

  undici-types@7.8.0:
    resolution: {integrity: sha512-9UJ2xGDvQ43tYyVMpuHlsgApydB8ZKfVYTsLDhXkFL/6gfkp+U8xTGdh8pMJv1SpZna0zxG1DwsKZsreLbXBxw==}

  unpipe@1.0.0:
    resolution: {integrity: sha512-pjy2bYhSsufwWlKwPc+l3cN7+wuJlK6uz0YdJEOlQDbl6jo/YlPi4mb8agUkVC8BF7V8NuzeyPNqRksA3hztKQ==}
    engines: {node: '>= 0.8'}

  vary@1.1.2:
    resolution: {integrity: sha512-BNGbWLfd0eUPabhkXUVm0j8uuvREyTh5ovRa/dyow/BqAbZJyC+5fU+IzQOzmAKzYqYRAISoRhdQr3eIZ/PXqg==}
    engines: {node: '>= 0.8'}

  wrappy@1.0.2:
    resolution: {integrity: sha512-l4Sp/DRseor9wL6EvV2+TuQn63dMkPjZ/sp9XkghTEbV9KlPS1xUsZ3u7/IQO4wxtcFB4bgpQPRcR3QCvezPcQ==}

  zod@3.25.69:
    resolution: {integrity: sha512-cjUx+boz8dfYGssYKLGNTF5VUF6NETpcZCDTN3knhUUXQTAAvErzRhV3pgeCZm2YsL4HOwtEHPonlsshPu2I0A==}

snapshots:

  '@emnapi/core@1.4.3':
    dependencies:
      '@emnapi/wasi-threads': 1.0.2
      tslib: 2.8.1
    optional: true

  '@emnapi/runtime@1.4.3':
    dependencies:
      tslib: 2.8.1
    optional: true

  '@emnapi/wasi-threads@1.0.2':
    dependencies:
      tslib: 2.8.1
    optional: true

  '@esbuild/aix-ppc64@0.25.5':
    optional: true

  '@esbuild/android-arm64@0.25.5':
    optional: true

  '@esbuild/android-arm@0.25.5':
    optional: true

  '@esbuild/android-x64@0.25.5':
    optional: true

  '@esbuild/darwin-arm64@0.25.5':
    optional: true

  '@esbuild/darwin-x64@0.25.5':
    optional: true

  '@esbuild/freebsd-arm64@0.25.5':
    optional: true

  '@esbuild/freebsd-x64@0.25.5':
    optional: true

  '@esbuild/linux-arm64@0.25.5':
    optional: true

  '@esbuild/linux-arm@0.25.5':
    optional: true

  '@esbuild/linux-ia32@0.25.5':
    optional: true

  '@esbuild/linux-loong64@0.25.5':
    optional: true

  '@esbuild/linux-mips64el@0.25.5':
    optional: true

  '@esbuild/linux-ppc64@0.25.5':
    optional: true

  '@esbuild/linux-riscv64@0.25.5':
    optional: true

  '@esbuild/linux-s390x@0.25.5':
    optional: true

  '@esbuild/linux-x64@0.25.5':
    optional: true

  '@esbuild/netbsd-arm64@0.25.5':
    optional: true

  '@esbuild/netbsd-x64@0.25.5':
    optional: true

  '@esbuild/openbsd-arm64@0.25.5':
    optional: true

  '@esbuild/openbsd-x64@0.25.5':
    optional: true

  '@esbuild/sunos-x64@0.25.5':
    optional: true

  '@esbuild/win32-arm64@0.25.5':
    optional: true

  '@esbuild/win32-ia32@0.25.5':
    optional: true

  '@esbuild/win32-x64@0.25.5':
    optional: true

  '@napi-rs/wasm-runtime@0.2.11':
    dependencies:
      '@emnapi/core': 1.4.3
      '@emnapi/runtime': 1.4.3
      '@tybys/wasm-util': 0.9.0
    optional: true

  '@node-rs/argon2-android-arm-eabi@2.0.2':
    optional: true

  '@node-rs/argon2-android-arm64@2.0.2':
    optional: true

  '@node-rs/argon2-darwin-arm64@2.0.2':
    optional: true

  '@node-rs/argon2-darwin-x64@2.0.2':
    optional: true

  '@node-rs/argon2-freebsd-x64@2.0.2':
    optional: true

  '@node-rs/argon2-linux-arm-gnueabihf@2.0.2':
    optional: true

  '@node-rs/argon2-linux-arm64-gnu@2.0.2':
    optional: true

  '@node-rs/argon2-linux-arm64-musl@2.0.2':
    optional: true

  '@node-rs/argon2-linux-x64-gnu@2.0.2':
    optional: true

  '@node-rs/argon2-linux-x64-musl@2.0.2':
    optional: true

  '@node-rs/argon2-wasm32-wasi@2.0.2':
    dependencies:
      '@napi-rs/wasm-runtime': 0.2.11
    optional: true

  '@node-rs/argon2-win32-arm64-msvc@2.0.2':
    optional: true

  '@node-rs/argon2-win32-ia32-msvc@2.0.2':
    optional: true

  '@node-rs/argon2-win32-x64-msvc@2.0.2':
    optional: true

  '@node-rs/argon2@2.0.2':
    optionalDependencies:
      '@node-rs/argon2-android-arm-eabi': 2.0.2
      '@node-rs/argon2-android-arm64': 2.0.2
      '@node-rs/argon2-darwin-arm64': 2.0.2
      '@node-rs/argon2-darwin-x64': 2.0.2
      '@node-rs/argon2-freebsd-x64': 2.0.2
      '@node-rs/argon2-linux-arm-gnueabihf': 2.0.2
      '@node-rs/argon2-linux-arm64-gnu': 2.0.2
      '@node-rs/argon2-linux-arm64-musl': 2.0.2
      '@node-rs/argon2-linux-x64-gnu': 2.0.2
      '@node-rs/argon2-linux-x64-musl': 2.0.2
      '@node-rs/argon2-wasm32-wasi': 2.0.2
      '@node-rs/argon2-win32-arm64-msvc': 2.0.2
      '@node-rs/argon2-win32-ia32-msvc': 2.0.2
      '@node-rs/argon2-win32-x64-msvc': 2.0.2

  '@node-rs/jsonwebtoken-android-arm-eabi@0.5.9':
    optional: true

  '@node-rs/jsonwebtoken-android-arm64@0.5.9':
    optional: true

  '@node-rs/jsonwebtoken-darwin-arm64@0.5.9':
    optional: true

  '@node-rs/jsonwebtoken-darwin-x64@0.5.9':
    optional: true

  '@node-rs/jsonwebtoken-freebsd-x64@0.5.9':
    optional: true

  '@node-rs/jsonwebtoken-linux-arm-gnueabihf@0.5.9':
    optional: true

  '@node-rs/jsonwebtoken-linux-arm64-gnu@0.5.9':
    optional: true

  '@node-rs/jsonwebtoken-linux-arm64-musl@0.5.9':
    optional: true

  '@node-rs/jsonwebtoken-linux-x64-gnu@0.5.9':
    optional: true

  '@node-rs/jsonwebtoken-linux-x64-musl@0.5.9':
    optional: true

  '@node-rs/jsonwebtoken-wasm32-wasi@0.5.9':
    dependencies:
      '@napi-rs/wasm-runtime': 0.2.11
    optional: true

  '@node-rs/jsonwebtoken-win32-arm64-msvc@0.5.9':
    optional: true

  '@node-rs/jsonwebtoken-win32-ia32-msvc@0.5.9':
    optional: true

  '@node-rs/jsonwebtoken-win32-x64-msvc@0.5.9':
    optional: true

  '@node-rs/jsonwebtoken@0.5.9':
    optionalDependencies:
      '@node-rs/jsonwebtoken-android-arm-eabi': 0.5.9
      '@node-rs/jsonwebtoken-android-arm64': 0.5.9
      '@node-rs/jsonwebtoken-darwin-arm64': 0.5.9
      '@node-rs/jsonwebtoken-darwin-x64': 0.5.9
      '@node-rs/jsonwebtoken-freebsd-x64': 0.5.9
      '@node-rs/jsonwebtoken-linux-arm-gnueabihf': 0.5.9
      '@node-rs/jsonwebtoken-linux-arm64-gnu': 0.5.9
      '@node-rs/jsonwebtoken-linux-arm64-musl': 0.5.9
      '@node-rs/jsonwebtoken-linux-x64-gnu': 0.5.9
      '@node-rs/jsonwebtoken-linux-x64-musl': 0.5.9
      '@node-rs/jsonwebtoken-wasm32-wasi': 0.5.9
      '@node-rs/jsonwebtoken-win32-arm64-msvc': 0.5.9
      '@node-rs/jsonwebtoken-win32-ia32-msvc': 0.5.9
      '@node-rs/jsonwebtoken-win32-x64-msvc': 0.5.9

  '@prisma/client@6.11.0(prisma@6.11.0(typescript@5.8.3))(typescript@5.8.3)':
    optionalDependencies:
      prisma: 6.11.0(typescript@5.8.3)
      typescript: 5.8.3

  '@prisma/config@6.11.0':
    dependencies:
      jiti: 2.4.2

  '@prisma/debug@6.11.0': {}

  '@prisma/engines-version@6.11.0-18.9c30299f5a0ea26a96790e13f796dc6094db3173': {}

  '@prisma/engines@6.11.0':
    dependencies:
      '@prisma/debug': 6.11.0
      '@prisma/engines-version': 6.11.0-18.9c30299f5a0ea26a96790e13f796dc6094db3173
      '@prisma/fetch-engine': 6.11.0
      '@prisma/get-platform': 6.11.0

  '@prisma/fetch-engine@6.11.0':
    dependencies:
      '@prisma/debug': 6.11.0
      '@prisma/engines-version': 6.11.0-18.9c30299f5a0ea26a96790e13f796dc6094db3173
      '@prisma/get-platform': 6.11.0

  '@prisma/get-platform@6.11.0':
    dependencies:
      '@prisma/debug': 6.11.0

  '@tybys/wasm-util@0.9.0':
    dependencies:
      tslib: 2.8.1
    optional: true

  '@types/body-parser@1.19.6':
    dependencies:
      '@types/connect': 3.4.38
      '@types/node': 24.0.10

  '@types/connect@3.4.38':
    dependencies:
      '@types/node': 24.0.10

  '@types/express-serve-static-core@5.0.6':
    dependencies:
      '@types/node': 24.0.10
      '@types/qs': 6.14.0
      '@types/range-parser': 1.2.7
      '@types/send': 0.17.5

  '@types/express@5.0.3':
    dependencies:
      '@types/body-parser': 1.19.6
      '@types/express-serve-static-core': 5.0.6
      '@types/serve-static': 1.15.8

  '@types/http-errors@2.0.5': {}

  '@types/mime@1.3.5': {}

  '@types/morgan@1.9.10':
    dependencies:
      '@types/node': 24.0.10

  '@types/node@24.0.10':
    dependencies:
      undici-types: 7.8.0

  '@types/qs@6.14.0': {}

  '@types/range-parser@1.2.7': {}

  '@types/send@0.17.5':
    dependencies:
      '@types/mime': 1.3.5
      '@types/node': 24.0.10

  '@types/serve-static@1.15.8':
    dependencies:
      '@types/http-errors': 2.0.5
      '@types/node': 24.0.10
      '@types/send': 0.17.5

  accepts@2.0.0:
    dependencies:
      mime-types: 3.0.1
      negotiator: 1.0.0

  basic-auth@2.0.1:
    dependencies:
      safe-buffer: 5.1.2

  body-parser@2.2.0:
    dependencies:
      bytes: 3.1.2
      content-type: 1.0.5
      debug: 4.4.1
      http-errors: 2.0.0
      iconv-lite: 0.6.3
      on-finished: 2.4.1
      qs: 6.14.0
      raw-body: 3.0.0
      type-is: 2.0.1
    transitivePeerDependencies:
      - supports-color

  bytes@3.1.2: {}

  call-bind-apply-helpers@1.0.2:
    dependencies:
      es-errors: 1.3.0
      function-bind: 1.1.2

  call-bound@1.0.4:
    dependencies:
      call-bind-apply-helpers: 1.0.2
      get-intrinsic: 1.3.0

  content-disposition@1.0.0:
    dependencies:
      safe-buffer: 5.2.1

  content-type@1.0.5: {}

  cookie-signature@1.2.2: {}

  cookie@0.7.2: {}

  debug@2.6.9:
    dependencies:
      ms: 2.0.0

  debug@4.4.1:
    dependencies:
      ms: 2.1.3

  depd@2.0.0: {}

  dunder-proto@1.0.1:
    dependencies:
      call-bind-apply-helpers: 1.0.2
      es-errors: 1.3.0
      gopd: 1.2.0

  ee-first@1.1.1: {}

  encodeurl@2.0.0: {}

  es-define-property@1.0.1: {}

  es-errors@1.3.0: {}

  es-object-atoms@1.1.1:
    dependencies:
      es-errors: 1.3.0

  esbuild@0.25.5:
    optionalDependencies:
      '@esbuild/aix-ppc64': 0.25.5
      '@esbuild/android-arm': 0.25.5
      '@esbuild/android-arm64': 0.25.5
      '@esbuild/android-x64': 0.25.5
      '@esbuild/darwin-arm64': 0.25.5
      '@esbuild/darwin-x64': 0.25.5
      '@esbuild/freebsd-arm64': 0.25.5
      '@esbuild/freebsd-x64': 0.25.5
      '@esbuild/linux-arm': 0.25.5
      '@esbuild/linux-arm64': 0.25.5
      '@esbuild/linux-ia32': 0.25.5
      '@esbuild/linux-loong64': 0.25.5
      '@esbuild/linux-mips64el': 0.25.5
      '@esbuild/linux-ppc64': 0.25.5
      '@esbuild/linux-riscv64': 0.25.5
      '@esbuild/linux-s390x': 0.25.5
      '@esbuild/linux-x64': 0.25.5
      '@esbuild/netbsd-arm64': 0.25.5
      '@esbuild/netbsd-x64': 0.25.5
      '@esbuild/openbsd-arm64': 0.25.5
      '@esbuild/openbsd-x64': 0.25.5
      '@esbuild/sunos-x64': 0.25.5
      '@esbuild/win32-arm64': 0.25.5
      '@esbuild/win32-ia32': 0.25.5
      '@esbuild/win32-x64': 0.25.5

  escape-html@1.0.3: {}

  etag@1.8.1: {}

  express@5.1.0:
    dependencies:
      accepts: 2.0.0
      body-parser: 2.2.0
      content-disposition: 1.0.0
      content-type: 1.0.5
      cookie: 0.7.2
      cookie-signature: 1.2.2
      debug: 4.4.1
      encodeurl: 2.0.0
      escape-html: 1.0.3
      etag: 1.8.1
      finalhandler: 2.1.0
      fresh: 2.0.0
      http-errors: 2.0.0
      merge-descriptors: 2.0.0
      mime-types: 3.0.1
      on-finished: 2.4.1
      once: 1.4.0
      parseurl: 1.3.3
      proxy-addr: 2.0.7
      qs: 6.14.0
      range-parser: 1.2.1
      router: 2.2.0
      send: 1.2.0
      serve-static: 2.2.0
      statuses: 2.0.2
      type-is: 2.0.1
      vary: 1.1.2
    transitivePeerDependencies:
      - supports-color

  finalhandler@2.1.0:
    dependencies:
      debug: 4.4.1
      encodeurl: 2.0.0
      escape-html: 1.0.3
      on-finished: 2.4.1
      parseurl: 1.3.3
      statuses: 2.0.2
    transitivePeerDependencies:
      - supports-color

  forwarded@0.2.0: {}

  fresh@2.0.0: {}

  fsevents@2.3.3:
    optional: true

  function-bind@1.1.2: {}

  get-intrinsic@1.3.0:
    dependencies:
      call-bind-apply-helpers: 1.0.2
      es-define-property: 1.0.1
      es-errors: 1.3.0
      es-object-atoms: 1.1.1
      function-bind: 1.1.2
      get-proto: 1.0.1
      gopd: 1.2.0
      has-symbols: 1.1.0
      hasown: 2.0.2
      math-intrinsics: 1.1.0

  get-proto@1.0.1:
    dependencies:
      dunder-proto: 1.0.1
      es-object-atoms: 1.1.1

  get-tsconfig@4.10.1:
    dependencies:
      resolve-pkg-maps: 1.0.0

  gopd@1.2.0: {}

  has-symbols@1.1.0: {}

  hasown@2.0.2:
    dependencies:
      function-bind: 1.1.2

  http-errors@2.0.0:
    dependencies:
      depd: 2.0.0
      inherits: 2.0.4
      setprototypeof: 1.2.0
      statuses: 2.0.1
      toidentifier: 1.0.1

  iconv-lite@0.6.3:
    dependencies:
      safer-buffer: 2.1.2

  inherits@2.0.4: {}

  ipaddr.js@1.9.1: {}

  is-promise@4.0.0: {}

  jiti@2.4.2: {}

  math-intrinsics@1.1.0: {}

  media-typer@1.1.0: {}

  merge-descriptors@2.0.0: {}

  mime-db@1.54.0: {}

  mime-types@3.0.1:
    dependencies:
      mime-db: 1.54.0

  morgan@1.10.0:
    dependencies:
      basic-auth: 2.0.1
      debug: 2.6.9
      depd: 2.0.0
      on-finished: 2.3.0
      on-headers: 1.0.2
    transitivePeerDependencies:
      - supports-color

  ms@2.0.0: {}

  ms@2.1.3: {}

  negotiator@1.0.0: {}

  object-inspect@1.13.4: {}

  on-finished@2.3.0:
    dependencies:
      ee-first: 1.1.1

  on-finished@2.4.1:
    dependencies:
      ee-first: 1.1.1

  on-headers@1.0.2: {}

  once@1.4.0:
    dependencies:
      wrappy: 1.0.2

  parseurl@1.3.3: {}

  path-to-regexp@8.2.0: {}

  prisma@6.11.0(typescript@5.8.3):
    dependencies:
      '@prisma/config': 6.11.0
      '@prisma/engines': 6.11.0
    optionalDependencies:
      typescript: 5.8.3

  proxy-addr@2.0.7:
    dependencies:
      forwarded: 0.2.0
      ipaddr.js: 1.9.1

  qs@6.14.0:
    dependencies:
      side-channel: 1.1.0

  range-parser@1.2.1: {}

  raw-body@3.0.0:
    dependencies:
      bytes: 3.1.2
      http-errors: 2.0.0
      iconv-lite: 0.6.3
      unpipe: 1.0.0

  resolve-pkg-maps@1.0.0: {}

  router@2.2.0:
    dependencies:
      debug: 4.4.1
      depd: 2.0.0
      is-promise: 4.0.0
      parseurl: 1.3.3
      path-to-regexp: 8.2.0
    transitivePeerDependencies:
      - supports-color

  safe-buffer@5.1.2: {}

  safe-buffer@5.2.1: {}

  safer-buffer@2.1.2: {}

  send@1.2.0:
    dependencies:
      debug: 4.4.1
      encodeurl: 2.0.0
      escape-html: 1.0.3
      etag: 1.8.1
      fresh: 2.0.0
      http-errors: 2.0.0
      mime-types: 3.0.1
      ms: 2.1.3
      on-finished: 2.4.1
      range-parser: 1.2.1
      statuses: 2.0.2
    transitivePeerDependencies:
      - supports-color

  serve-static@2.2.0:
    dependencies:
      encodeurl: 2.0.0
      escape-html: 1.0.3
      parseurl: 1.3.3
      send: 1.2.0
    transitivePeerDependencies:
      - supports-color

  setprototypeof@1.2.0: {}

  side-channel-list@1.0.0:
    dependencies:
      es-errors: 1.3.0
      object-inspect: 1.13.4

  side-channel-map@1.0.1:
    dependencies:
      call-bound: 1.0.4
      es-errors: 1.3.0
      get-intrinsic: 1.3.0
      object-inspect: 1.13.4

  side-channel-weakmap@1.0.2:
    dependencies:
      call-bound: 1.0.4
      es-errors: 1.3.0
      get-intrinsic: 1.3.0
      object-inspect: 1.13.4
      side-channel-map: 1.0.1

  side-channel@1.1.0:
    dependencies:
      es-errors: 1.3.0
      object-inspect: 1.13.4
      side-channel-list: 1.0.0
      side-channel-map: 1.0.1
      side-channel-weakmap: 1.0.2

  statuses@2.0.1: {}

  statuses@2.0.2: {}

  toidentifier@1.0.1: {}

  tslib@2.8.1:
    optional: true

  tsx@4.20.3:
    dependencies:
      esbuild: 0.25.5
      get-tsconfig: 4.10.1
    optionalDependencies:
      fsevents: 2.3.3

  type-is@2.0.1:
    dependencies:
      content-type: 1.0.5
      media-typer: 1.1.0
      mime-types: 3.0.1

  typescript@5.8.3: {}

  undici-types@7.8.0: {}

  unpipe@1.0.0: {}

  vary@1.1.2: {}

  wrappy@1.0.2: {}

  zod@3.25.69: {}
